// !$*UTF8*$!
{
	archiveVersion = 1;
	classes = {
	};
	objectVersion = 56;
	objects = {

/* Begin PBXBuildFile section */
		7C10A8CC2A3C44A7007D4D32 /* SignUpModel.swift in Sources */ = {isa = PBXBuildFile; fileRef = 7C10A8CB2A3C44A7007D4D32 /* SignUpModel.swift */; };
		7C10A8CE2A3C46C1007D4D32 /* SignUpResponseModel.swift in Sources */ = {isa = PBXBuildFile; fileRef = 7C10A8CD2A3C46C1007D4D32 /* SignUpResponseModel.swift */; };
		7C47FF882A36FD6600632528 /* StandardTextField.swift in Sources */ = {isa = PBXBuildFile; fileRef = 7C47FF872A36FD6600632528 /* StandardTextField.swift */; };
		7C47FF8A2A3746EF00632528 /* PasswordTextField.swift in Sources */ = {isa = PBXBuildFile; fileRef = 7C47FF892A3746EF00632528 /* PasswordTextField.swift */; };
		7C5120BE2A28B77B00484B5A /* ColorName.swift in Sources */ = {isa = PBXBuildFile; fileRef = 7C5120BD2A28B77B00484B5A /* ColorName.swift */; };
		7C5120C12A28B7F500484B5A /* Alamofire in Frameworks */ = {isa = PBXBuildFile; productRef = 7C5120C02A28B7F500484B5A /* Alamofire */; };
		7C5120C42A28B80600484B5A /* SnapKit in Frameworks */ = {isa = PBXBuildFile; productRef = 7C5120C32A28B80600484B5A /* SnapKit */; };
		7C5120C72A28B81200484B5A /* Kingfisher in Frameworks */ = {isa = PBXBuildFile; productRef = 7C5120C62A28B81200484B5A /* Kingfisher */; };
		7C5120CB2A28BC8600484B5A /* LocaleKeys.swift in Sources */ = {isa = PBXBuildFile; fileRef = 7C5120CA2A28BC8600484B5A /* LocaleKeys.swift */; };
		7C5120CE2A28BF0500484B5A /* Localizable.strings in Resources */ = {isa = PBXBuildFile; fileRef = 7C5120CD2A28BF0500484B5A /* Localizable.strings */; };
		7C5120D22A28BF3800484B5A /* Localizable.strings in Resources */ = {isa = PBXBuildFile; fileRef = 7C5120D02A28BF3800484B5A /* Localizable.strings */; };
		7C5120D52A28CCB400484B5A /* LanguageButton.swift in Sources */ = {isa = PBXBuildFile; fileRef = 7C5120D42A28CCB400484B5A /* LanguageButton.swift */; };
		7C6DB7C22A335EED00B6394E /* SignInInteractor.swift in Sources */ = {isa = PBXBuildFile; fileRef = 7C6DB7C12A335EED00B6394E /* SignInInteractor.swift */; };
		7C6DB7C42A335EF900B6394E /* SignInPresenter.swift in Sources */ = {isa = PBXBuildFile; fileRef = 7C6DB7C32A335EF900B6394E /* SignInPresenter.swift */; };
		7C6DB7C62A335F0F00B6394E /* SignInRouter.swift in Sources */ = {isa = PBXBuildFile; fileRef = 7C6DB7C52A335F0F00B6394E /* SignInRouter.swift */; };
		7C6EB3E12A27800D00246C29 /* AppDelegate.swift in Sources */ = {isa = PBXBuildFile; fileRef = 7C6EB3E02A27800D00246C29 /* AppDelegate.swift */; };
		7C6EB3E32A27800D00246C29 /* SceneDelegate.swift in Sources */ = {isa = PBXBuildFile; fileRef = 7C6EB3E22A27800D00246C29 /* SceneDelegate.swift */; };
		7C6EB3E52A27800D00246C29 /* LoginViewController.swift in Sources */ = {isa = PBXBuildFile; fileRef = 7C6EB3E42A27800D00246C29 /* LoginViewController.swift */; };
		7C6EB3EB2A27800D00246C29 /* TarifiBul.xcdatamodeld in Sources */ = {isa = PBXBuildFile; fileRef = 7C6EB3E92A27800D00246C29 /* TarifiBul.xcdatamodeld */; };
		7C6EB3F02A27800D00246C29 /* LaunchScreen.storyboard in Resources */ = {isa = PBXBuildFile; fileRef = 7C6EB3EE2A27800D00246C29 /* LaunchScreen.storyboard */; };
		7C6EB3FB2A27800E00246C29 /* TarifiBulTests.swift in Sources */ = {isa = PBXBuildFile; fileRef = 7C6EB3FA2A27800E00246C29 /* TarifiBulTests.swift */; };
		7C6EB4052A27800E00246C29 /* TarifiBulUITests.swift in Sources */ = {isa = PBXBuildFile; fileRef = 7C6EB4042A27800E00246C29 /* TarifiBulUITests.swift */; };
		7C6EB4072A27800E00246C29 /* TarifiBulUITestsLaunchTests.swift in Sources */ = {isa = PBXBuildFile; fileRef = 7C6EB4062A27800E00246C29 /* TarifiBulUITestsLaunchTests.swift */; };
		7C9AFBC22A2DF38500A47F1C /* LoginRouter.swift in Sources */ = {isa = PBXBuildFile; fileRef = 7C9AFBC12A2DF38500A47F1C /* LoginRouter.swift */; };
		7C9AFBC42A2DF4FC00A47F1C /* LoginPresenter.swift in Sources */ = {isa = PBXBuildFile; fileRef = 7C9AFBC32A2DF4FC00A47F1C /* LoginPresenter.swift */; };
		7C9AFBC72A2DF58500A47F1C /* LoginInteractor.swift in Sources */ = {isa = PBXBuildFile; fileRef = 7C9AFBC62A2DF58500A47F1C /* LoginInteractor.swift */; };
		7C9AFBCA2A2DFD5C00A47F1C /* SignInModel.swift in Sources */ = {isa = PBXBuildFile; fileRef = 7C9AFBC92A2DFD5C00A47F1C /* SignInModel.swift */; };
		7C9AFBCC2A2DFE4900A47F1C /* SignInResponseModel.swift in Sources */ = {isa = PBXBuildFile; fileRef = 7C9AFBCB2A2DFE4900A47F1C /* SignInResponseModel.swift */; };
		7C9AFBCE2A2E12F400A47F1C /* NetworkManager.swift in Sources */ = {isa = PBXBuildFile; fileRef = 7C9AFBCD2A2E12F400A47F1C /* NetworkManager.swift */; };
		7CAAC2092A3B4457003D3977 /* UIConstants.swift in Sources */ = {isa = PBXBuildFile; fileRef = 7CAAC2082A3B4457003D3977 /* UIConstants.swift */; };
		7CAAC20B2A3B49A9003D3977 /* BoldLabel.swift in Sources */ = {isa = PBXBuildFile; fileRef = 7CAAC20A2A3B49A9003D3977 /* BoldLabel.swift */; };
		7CBC47292A39E1EA00B23992 /* SignUpInteractor.swift in Sources */ = {isa = PBXBuildFile; fileRef = 7CBC47282A39E1EA00B23992 /* SignUpInteractor.swift */; };
		7CBC472B2A39E2B000B23992 /* SignUpPresenter.swift in Sources */ = {isa = PBXBuildFile; fileRef = 7CBC472A2A39E2B000B23992 /* SignUpPresenter.swift */; };
		7CBC472D2A39E36100B23992 /* SignUpViewController.swift in Sources */ = {isa = PBXBuildFile; fileRef = 7CBC472C2A39E36100B23992 /* SignUpViewController.swift */; };
		7CBC472F2A39E47000B23992 /* SignUpRouter.swift in Sources */ = {isa = PBXBuildFile; fileRef = 7CBC472E2A39E47000B23992 /* SignUpRouter.swift */; };
		7CC18D0E2A331BE00074389D /* ErrorAlert.swift in Sources */ = {isa = PBXBuildFile; fileRef = 7CC18D0D2A331BE00074389D /* ErrorAlert.swift */; };
		7CC18D102A331BE90074389D /* SuccessAlert.swift in Sources */ = {isa = PBXBuildFile; fileRef = 7CC18D0F2A331BE90074389D /* SuccessAlert.swift */; };
		7CE062232A2884BA0085E8F8 /* Assets.xcassets in Resources */ = {isa = PBXBuildFile; fileRef = 7CE062222A2884BA0085E8F8 /* Assets.xcassets */; };
		7CF87ED72A306F420080DC38 /* ImageName.swift in Sources */ = {isa = PBXBuildFile; fileRef = 7CF87ED62A306F420080DC38 /* ImageName.swift */; };
		7CF87ED92A3075620080DC38 /* CircularButton.swift in Sources */ = {isa = PBXBuildFile; fileRef = 7CF87ED82A3075620080DC38 /* CircularButton.swift */; };
		7CF87EDC2A309E910080DC38 /* UIViewExtension.swift in Sources */ = {isa = PBXBuildFile; fileRef = 7CF87EDB2A309E910080DC38 /* UIViewExtension.swift */; };
		7CFA17BA2A31BA2800296292 /* SignInViewController.swift in Sources */ = {isa = PBXBuildFile; fileRef = 7CFA17B92A31BA2800296292 /* SignInViewController.swift */; };
		7CFA17BF2A31CD3900296292 /* UserTextField.swift in Sources */ = {isa = PBXBuildFile; fileRef = 7CFA17BE2A31CD3900296292 /* UserTextField.swift */; };
		7CFA17C12A32115100296292 /* LoadingButton.swift in Sources */ = {isa = PBXBuildFile; fileRef = 7CFA17C02A32115100296292 /* LoadingButton.swift */; };
/* End PBXBuildFile section */

/* Begin PBXContainerItemProxy section */
		7C6EB3F72A27800E00246C29 /* PBXContainerItemProxy */ = {
			isa = PBXContainerItemProxy;
			containerPortal = 7C6EB3D52A27800D00246C29 /* Project object */;
			proxyType = 1;
			remoteGlobalIDString = 7C6EB3DC2A27800D00246C29;
			remoteInfo = TarifiBul;
		};
		7C6EB4012A27800E00246C29 /* PBXContainerItemProxy */ = {
			isa = PBXContainerItemProxy;
			containerPortal = 7C6EB3D52A27800D00246C29 /* Project object */;
			proxyType = 1;
			remoteGlobalIDString = 7C6EB3DC2A27800D00246C29;
			remoteInfo = TarifiBul;
		};
/* End PBXContainerItemProxy section */

/* Begin PBXFileReference section */
		7C10A8CB2A3C44A7007D4D32 /* SignUpModel.swift */ = {isa = PBXFileReference; lastKnownFileType = sourcecode.swift; path = SignUpModel.swift; sourceTree = "<group>"; };
		7C10A8CD2A3C46C1007D4D32 /* SignUpResponseModel.swift */ = {isa = PBXFileReference; lastKnownFileType = sourcecode.swift; path = SignUpResponseModel.swift; sourceTree = "<group>"; };
		7C47FF872A36FD6600632528 /* StandardTextField.swift */ = {isa = PBXFileReference; lastKnownFileType = sourcecode.swift; path = StandardTextField.swift; sourceTree = "<group>"; };
		7C47FF892A3746EF00632528 /* PasswordTextField.swift */ = {isa = PBXFileReference; lastKnownFileType = sourcecode.swift; path = PasswordTextField.swift; sourceTree = "<group>"; };
		7C5120BD2A28B77B00484B5A /* ColorName.swift */ = {isa = PBXFileReference; fileEncoding = 4; lastKnownFileType = sourcecode.swift; path = ColorName.swift; sourceTree = "<group>"; };
		7C5120CA2A28BC8600484B5A /* LocaleKeys.swift */ = {isa = PBXFileReference; lastKnownFileType = sourcecode.swift; path = LocaleKeys.swift; sourceTree = "<group>"; };
		7C5120CD2A28BF0500484B5A /* Localizable.strings */ = {isa = PBXFileReference; lastKnownFileType = text.plist.strings; path = Localizable.strings; sourceTree = "<group>"; };
		7C5120D12A28BF3800484B5A /* tr */ = {isa = PBXFileReference; lastKnownFileType = text.plist.strings; name = tr; path = Localizable.strings; sourceTree = "<group>"; };
		7C5120D42A28CCB400484B5A /* LanguageButton.swift */ = {isa = PBXFileReference; lastKnownFileType = sourcecode.swift; path = LanguageButton.swift; sourceTree = "<group>"; };
		7C6DB7C12A335EED00B6394E /* SignInInteractor.swift */ = {isa = PBXFileReference; lastKnownFileType = sourcecode.swift; path = SignInInteractor.swift; sourceTree = "<group>"; };
		7C6DB7C32A335EF900B6394E /* SignInPresenter.swift */ = {isa = PBXFileReference; lastKnownFileType = sourcecode.swift; path = SignInPresenter.swift; sourceTree = "<group>"; };
		7C6DB7C52A335F0F00B6394E /* SignInRouter.swift */ = {isa = PBXFileReference; lastKnownFileType = sourcecode.swift; path = SignInRouter.swift; sourceTree = "<group>"; };
		7C6EB3DD2A27800D00246C29 /* TarifiBul.app */ = {isa = PBXFileReference; explicitFileType = wrapper.application; includeInIndex = 0; path = TarifiBul.app; sourceTree = BUILT_PRODUCTS_DIR; };
		7C6EB3E02A27800D00246C29 /* AppDelegate.swift */ = {isa = PBXFileReference; lastKnownFileType = sourcecode.swift; path = AppDelegate.swift; sourceTree = "<group>"; };
		7C6EB3E22A27800D00246C29 /* SceneDelegate.swift */ = {isa = PBXFileReference; lastKnownFileType = sourcecode.swift; path = SceneDelegate.swift; sourceTree = "<group>"; };
		7C6EB3E42A27800D00246C29 /* LoginViewController.swift */ = {isa = PBXFileReference; lastKnownFileType = sourcecode.swift; path = LoginViewController.swift; sourceTree = "<group>"; };
		7C6EB3EA2A27800D00246C29 /* TarifiBul.xcdatamodel */ = {isa = PBXFileReference; lastKnownFileType = wrapper.xcdatamodel; path = TarifiBul.xcdatamodel; sourceTree = "<group>"; };
		7C6EB3EF2A27800D00246C29 /* Base */ = {isa = PBXFileReference; lastKnownFileType = file.storyboard; name = Base; path = Base.lproj/LaunchScreen.storyboard; sourceTree = "<group>"; };
		7C6EB3F12A27800D00246C29 /* Info.plist */ = {isa = PBXFileReference; lastKnownFileType = text.plist.xml; path = Info.plist; sourceTree = "<group>"; };
		7C6EB3F62A27800E00246C29 /* TarifiBulTests.xctest */ = {isa = PBXFileReference; explicitFileType = wrapper.cfbundle; includeInIndex = 0; path = TarifiBulTests.xctest; sourceTree = BUILT_PRODUCTS_DIR; };
		7C6EB3FA2A27800E00246C29 /* TarifiBulTests.swift */ = {isa = PBXFileReference; lastKnownFileType = sourcecode.swift; path = TarifiBulTests.swift; sourceTree = "<group>"; };
		7C6EB4002A27800E00246C29 /* TarifiBulUITests.xctest */ = {isa = PBXFileReference; explicitFileType = wrapper.cfbundle; includeInIndex = 0; path = TarifiBulUITests.xctest; sourceTree = BUILT_PRODUCTS_DIR; };
		7C6EB4042A27800E00246C29 /* TarifiBulUITests.swift */ = {isa = PBXFileReference; lastKnownFileType = sourcecode.swift; path = TarifiBulUITests.swift; sourceTree = "<group>"; };
		7C6EB4062A27800E00246C29 /* TarifiBulUITestsLaunchTests.swift */ = {isa = PBXFileReference; lastKnownFileType = sourcecode.swift; path = TarifiBulUITestsLaunchTests.swift; sourceTree = "<group>"; };
		7C9AFBC12A2DF38500A47F1C /* LoginRouter.swift */ = {isa = PBXFileReference; lastKnownFileType = sourcecode.swift; path = LoginRouter.swift; sourceTree = "<group>"; };
		7C9AFBC32A2DF4FC00A47F1C /* LoginPresenter.swift */ = {isa = PBXFileReference; lastKnownFileType = sourcecode.swift; path = LoginPresenter.swift; sourceTree = "<group>"; };
		7C9AFBC62A2DF58500A47F1C /* LoginInteractor.swift */ = {isa = PBXFileReference; lastKnownFileType = sourcecode.swift; path = LoginInteractor.swift; sourceTree = "<group>"; };
		7C9AFBC92A2DFD5C00A47F1C /* SignInModel.swift */ = {isa = PBXFileReference; lastKnownFileType = sourcecode.swift; path = SignInModel.swift; sourceTree = "<group>"; };
		7C9AFBCB2A2DFE4900A47F1C /* SignInResponseModel.swift */ = {isa = PBXFileReference; lastKnownFileType = sourcecode.swift; path = SignInResponseModel.swift; sourceTree = "<group>"; };
		7C9AFBCD2A2E12F400A47F1C /* NetworkManager.swift */ = {isa = PBXFileReference; lastKnownFileType = sourcecode.swift; path = NetworkManager.swift; sourceTree = "<group>"; };
		7CAAC2082A3B4457003D3977 /* UIConstants.swift */ = {isa = PBXFileReference; lastKnownFileType = sourcecode.swift; path = UIConstants.swift; sourceTree = "<group>"; };
		7CAAC20A2A3B49A9003D3977 /* BoldLabel.swift */ = {isa = PBXFileReference; lastKnownFileType = sourcecode.swift; path = BoldLabel.swift; sourceTree = "<group>"; };
		7CBC47282A39E1EA00B23992 /* SignUpInteractor.swift */ = {isa = PBXFileReference; lastKnownFileType = sourcecode.swift; path = SignUpInteractor.swift; sourceTree = "<group>"; };
		7CBC472A2A39E2B000B23992 /* SignUpPresenter.swift */ = {isa = PBXFileReference; lastKnownFileType = sourcecode.swift; path = SignUpPresenter.swift; sourceTree = "<group>"; };
		7CBC472C2A39E36100B23992 /* SignUpViewController.swift */ = {isa = PBXFileReference; lastKnownFileType = sourcecode.swift; path = SignUpViewController.swift; sourceTree = "<group>"; };
		7CBC472E2A39E47000B23992 /* SignUpRouter.swift */ = {isa = PBXFileReference; lastKnownFileType = sourcecode.swift; path = SignUpRouter.swift; sourceTree = "<group>"; };
		7CC18D0D2A331BE00074389D /* ErrorAlert.swift */ = {isa = PBXFileReference; lastKnownFileType = sourcecode.swift; path = ErrorAlert.swift; sourceTree = "<group>"; };
		7CC18D0F2A331BE90074389D /* SuccessAlert.swift */ = {isa = PBXFileReference; lastKnownFileType = sourcecode.swift; path = SuccessAlert.swift; sourceTree = "<group>"; };
		7CE062222A2884BA0085E8F8 /* Assets.xcassets */ = {isa = PBXFileReference; lastKnownFileType = folder.assetcatalog; path = Assets.xcassets; sourceTree = "<group>"; };
		7CF87ED62A306F420080DC38 /* ImageName.swift */ = {isa = PBXFileReference; lastKnownFileType = sourcecode.swift; path = ImageName.swift; sourceTree = "<group>"; };
		7CF87ED82A3075620080DC38 /* CircularButton.swift */ = {isa = PBXFileReference; lastKnownFileType = sourcecode.swift; path = CircularButton.swift; sourceTree = "<group>"; };
		7CF87EDB2A309E910080DC38 /* UIViewExtension.swift */ = {isa = PBXFileReference; lastKnownFileType = sourcecode.swift; path = UIViewExtension.swift; sourceTree = "<group>"; };
		7CFA17B92A31BA2800296292 /* SignInViewController.swift */ = {isa = PBXFileReference; lastKnownFileType = sourcecode.swift; path = SignInViewController.swift; sourceTree = "<group>"; };
		7CFA17BE2A31CD3900296292 /* UserTextField.swift */ = {isa = PBXFileReference; lastKnownFileType = sourcecode.swift; path = UserTextField.swift; sourceTree = "<group>"; };
		7CFA17C02A32115100296292 /* LoadingButton.swift */ = {isa = PBXFileReference; lastKnownFileType = sourcecode.swift; path = LoadingButton.swift; sourceTree = "<group>"; };
/* End PBXFileReference section */

/* Begin PBXFrameworksBuildPhase section */
		7C6EB3DA2A27800D00246C29 /* Frameworks */ = {
			isa = PBXFrameworksBuildPhase;
			buildActionMask = 2147483647;
			files = (
				7C5120C72A28B81200484B5A /* Kingfisher in Frameworks */,
				7C5120C12A28B7F500484B5A /* Alamofire in Frameworks */,
				7C5120C42A28B80600484B5A /* SnapKit in Frameworks */,
			);
			runOnlyForDeploymentPostprocessing = 0;
		};
		7C6EB3F32A27800E00246C29 /* Frameworks */ = {
			isa = PBXFrameworksBuildPhase;
			buildActionMask = 2147483647;
			files = (
			);
			runOnlyForDeploymentPostprocessing = 0;
		};
		7C6EB3FD2A27800E00246C29 /* Frameworks */ = {
			isa = PBXFrameworksBuildPhase;
			buildActionMask = 2147483647;
			files = (
			);
			runOnlyForDeploymentPostprocessing = 0;
		};
/* End PBXFrameworksBuildPhase section */

/* Begin PBXGroup section */
		7C5120B42A28B70600484B5A /* Core */ = {
			isa = PBXGroup;
			children = (
				7C5120B62A28B73200484B5A /* Network */,
			);
			path = Core;
			sourceTree = "<group>";
		};
		7C5120B52A28B71A00484B5A /* Product */ = {
			isa = PBXGroup;
			children = (
				7C5120C92A28BBD400484B5A /* UIElement */,
				7C5120B92A28B74E00484B5A /* Utils */,
			);
			path = Product;
			sourceTree = "<group>";
		};
		7C5120B62A28B73200484B5A /* Network */ = {
			isa = PBXGroup;
			children = (
				7C9AFBCD2A2E12F400A47F1C /* NetworkManager.swift */,
			);
			path = Network;
			sourceTree = "<group>";
		};
		7C5120B92A28B74E00484B5A /* Utils */ = {
			isa = PBXGroup;
			children = (
				7CAAC2072A3B4432003D3977 /* Constant */,
				7C5120BA2A28B76A00484B5A /* Enum */,
				7C5120BB2A28B76F00484B5A /* Extension */,
				7C5120BC2A28B77300484B5A /* Locale */,
			);
			path = Utils;
			sourceTree = "<group>";
		};
		7C5120BA2A28B76A00484B5A /* Enum */ = {
			isa = PBXGroup;
			children = (
				7C5120BD2A28B77B00484B5A /* ColorName.swift */,
				7CF87ED62A306F420080DC38 /* ImageName.swift */,
			);
			path = Enum;
			sourceTree = "<group>";
		};
		7C5120BB2A28B76F00484B5A /* Extension */ = {
			isa = PBXGroup;
			children = (
				7CF87EDB2A309E910080DC38 /* UIViewExtension.swift */,
			);
			path = Extension;
			sourceTree = "<group>";
		};
		7C5120BC2A28B77300484B5A /* Locale */ = {
			isa = PBXGroup;
			children = (
				7C5120CF2A28BF0A00484B5A /* tr.lproj */,
				7C5120CC2A28BED900484B5A /* en.lproj */,
				7C5120CA2A28BC8600484B5A /* LocaleKeys.swift */,
			);
			path = Locale;
			sourceTree = "<group>";
		};
		7C5120C82A28B95A00484B5A /* View */ = {
			isa = PBXGroup;
			children = (
				7C6EB3E42A27800D00246C29 /* LoginViewController.swift */,
				7C9AFBBE2A2DF33200A47F1C /* Presenter */,
			);
			path = View;
			sourceTree = "<group>";
		};
		7C5120C92A28BBD400484B5A /* UIElement */ = {
			isa = PBXGroup;
			children = (
				7CC18D0C2A331BC50074389D /* Alert */,
				7CFA17BD2A31CD2000296292 /* TextField */,
				7C5120D32A28CC9600484B5A /* Button */,
				7CAAC20A2A3B49A9003D3977 /* BoldLabel.swift */,
			);
			path = UIElement;
			sourceTree = "<group>";
		};
		7C5120CC2A28BED900484B5A /* en.lproj */ = {
			isa = PBXGroup;
			children = (
				7C5120CD2A28BF0500484B5A /* Localizable.strings */,
			);
			path = en.lproj;
			sourceTree = "<group>";
		};
		7C5120CF2A28BF0A00484B5A /* tr.lproj */ = {
			isa = PBXGroup;
			children = (
				7C5120D02A28BF3800484B5A /* Localizable.strings */,
			);
			path = tr.lproj;
			sourceTree = "<group>";
		};
		7C5120D32A28CC9600484B5A /* Button */ = {
			isa = PBXGroup;
			children = (
				7C5120D42A28CCB400484B5A /* LanguageButton.swift */,
				7CF87ED82A3075620080DC38 /* CircularButton.swift */,
				7CFA17C02A32115100296292 /* LoadingButton.swift */,
			);
			path = Button;
			sourceTree = "<group>";
		};
		7C6EB3D42A27800D00246C29 = {
			isa = PBXGroup;
			children = (
				7C6EB3DF2A27800D00246C29 /* TarifiBul */,
				7C6EB3F92A27800E00246C29 /* TarifiBulTests */,
				7C6EB4032A27800E00246C29 /* TarifiBulUITests */,
				7C6EB3DE2A27800D00246C29 /* Products */,
			);
			sourceTree = "<group>";
		};
		7C6EB3DE2A27800D00246C29 /* Products */ = {
			isa = PBXGroup;
			children = (
				7C6EB3DD2A27800D00246C29 /* TarifiBul.app */,
				7C6EB3F62A27800E00246C29 /* TarifiBulTests.xctest */,
				7C6EB4002A27800E00246C29 /* TarifiBulUITests.xctest */,
			);
			name = Products;
			sourceTree = "<group>";
		};
		7C6EB3DF2A27800D00246C29 /* TarifiBul */ = {
			isa = PBXGroup;
			children = (
				7C6EB4132A27802B00246C29 /* App */,
				7C5120B42A28B70600484B5A /* Core */,
				7C6EB41A2A27828F00246C29 /* Feature */,
				7C5120B52A28B71A00484B5A /* Product */,
				7C6EB3E92A27800D00246C29 /* TarifiBul.xcdatamodeld */,
				7CE062222A2884BA0085E8F8 /* Assets.xcassets */,
			);
			path = TarifiBul;
			sourceTree = "<group>";
		};
		7C6EB3F92A27800E00246C29 /* TarifiBulTests */ = {
			isa = PBXGroup;
			children = (
				7C6EB3FA2A27800E00246C29 /* TarifiBulTests.swift */,
			);
			path = TarifiBulTests;
			sourceTree = "<group>";
		};
		7C6EB4032A27800E00246C29 /* TarifiBulUITests */ = {
			isa = PBXGroup;
			children = (
				7C6EB4042A27800E00246C29 /* TarifiBulUITests.swift */,
				7C6EB4062A27800E00246C29 /* TarifiBulUITestsLaunchTests.swift */,
			);
			path = TarifiBulUITests;
			sourceTree = "<group>";
		};
		7C6EB4132A27802B00246C29 /* App */ = {
			isa = PBXGroup;
			children = (
				7C6EB3EE2A27800D00246C29 /* LaunchScreen.storyboard */,
				7C6EB3F12A27800D00246C29 /* Info.plist */,
				7C6EB3E02A27800D00246C29 /* AppDelegate.swift */,
				7C6EB3E22A27800D00246C29 /* SceneDelegate.swift */,
			);
			path = App;
			sourceTree = "<group>";
		};
		7C6EB41A2A27828F00246C29 /* Feature */ = {
			isa = PBXGroup;
			children = (
				7CE062192A2871CD0085E8F8 /* Authentication */,
			);
			path = Feature;
			sourceTree = "<group>";
		};
		7C9AFBBD2A2DF32800A47F1C /* Interactor */ = {
			isa = PBXGroup;
			children = (
				7C9AFBC62A2DF58500A47F1C /* LoginInteractor.swift */,
			);
			path = Interactor;
			sourceTree = "<group>";
		};
		7C9AFBBE2A2DF33200A47F1C /* Presenter */ = {
			isa = PBXGroup;
			children = (
				7C9AFBC32A2DF4FC00A47F1C /* LoginPresenter.swift */,
			);
			path = Presenter;
			sourceTree = "<group>";
		};
		7C9AFBC02A2DF34500A47F1C /* Router */ = {
			isa = PBXGroup;
			children = (
				7C9AFBC12A2DF38500A47F1C /* LoginRouter.swift */,
			);
			path = Router;
			sourceTree = "<group>";
		};
		7CAAC2072A3B4432003D3977 /* Constant */ = {
			isa = PBXGroup;
			children = (
				7CAAC2082A3B4457003D3977 /* UIConstants.swift */,
			);
			path = Constant;
			sourceTree = "<group>";
		};
		7CBC471C2A39DEEC00B23992 /* SignInScreen */ = {
			isa = PBXGroup;
			children = (
				7CBC471D2A39DF0500B23992 /* View */,
				7CBC471E2A39DF0900B23992 /* Presenter */,
				7CBC47212A39DF1F00B23992 /* Interactor */,
				7CBC47202A39DF1800B23992 /* Router */,
				7CBC471F2A39DF0F00B23992 /* Entity */,
			);
			path = SignInScreen;
			sourceTree = "<group>";
		};
		7CBC471D2A39DF0500B23992 /* View */ = {
			isa = PBXGroup;
			children = (
				7CFA17B92A31BA2800296292 /* SignInViewController.swift */,
			);
			path = View;
			sourceTree = "<group>";
		};
		7CBC471E2A39DF0900B23992 /* Presenter */ = {
			isa = PBXGroup;
			children = (
				7C6DB7C32A335EF900B6394E /* SignInPresenter.swift */,
			);
			path = Presenter;
			sourceTree = "<group>";
		};
		7CBC471F2A39DF0F00B23992 /* Entity */ = {
			isa = PBXGroup;
			children = (
				7C9AFBC92A2DFD5C00A47F1C /* SignInModel.swift */,
				7C9AFBCB2A2DFE4900A47F1C /* SignInResponseModel.swift */,
			);
			path = Entity;
			sourceTree = "<group>";
		};
		7CBC47202A39DF1800B23992 /* Router */ = {
			isa = PBXGroup;
			children = (
				7C6DB7C52A335F0F00B6394E /* SignInRouter.swift */,
			);
			path = Router;
			sourceTree = "<group>";
		};
		7CBC47212A39DF1F00B23992 /* Interactor */ = {
			isa = PBXGroup;
			children = (
				7C6DB7C12A335EED00B6394E /* SignInInteractor.swift */,
			);
			path = Interactor;
			sourceTree = "<group>";
		};
		7CBC47222A39E01B00B23992 /* SignUpScreen */ = {
			isa = PBXGroup;
			children = (
				7CBC47232A39E0B400B23992 /* View */,
				7CBC47242A39E0B900B23992 /* Presenter */,
				7CBC47252A39E0BE00B23992 /* Interactor */,
				7CBC47262A39E0C400B23992 /* Router */,
				7CBC47272A39E0C800B23992 /* Entity */,
			);
			path = SignUpScreen;
			sourceTree = "<group>";
		};
		7CBC47232A39E0B400B23992 /* View */ = {
			isa = PBXGroup;
			children = (
				7CBC472C2A39E36100B23992 /* SignUpViewController.swift */,
			);
			path = View;
			sourceTree = "<group>";
		};
		7CBC47242A39E0B900B23992 /* Presenter */ = {
			isa = PBXGroup;
			children = (
				7CBC472A2A39E2B000B23992 /* SignUpPresenter.swift */,
			);
			path = Presenter;
			sourceTree = "<group>";
		};
		7CBC47252A39E0BE00B23992 /* Interactor */ = {
			isa = PBXGroup;
			children = (
				7CBC47282A39E1EA00B23992 /* SignUpInteractor.swift */,
			);
			path = Interactor;
			sourceTree = "<group>";
		};
		7CBC47262A39E0C400B23992 /* Router */ = {
			isa = PBXGroup;
			children = (
				7CBC472E2A39E47000B23992 /* SignUpRouter.swift */,
			);
			path = Router;
			sourceTree = "<group>";
		};
		7CBC47272A39E0C800B23992 /* Entity */ = {
			isa = PBXGroup;
			children = (
				7C10A8CB2A3C44A7007D4D32 /* SignUpModel.swift */,
				7C10A8CD2A3C46C1007D4D32 /* SignUpResponseModel.swift */,
			);
			path = Entity;
			sourceTree = "<group>";
		};
		7CC18D0C2A331BC50074389D /* Alert */ = {
			isa = PBXGroup;
			children = (
				7CC18D0D2A331BE00074389D /* ErrorAlert.swift */,
				7CC18D0F2A331BE90074389D /* SuccessAlert.swift */,
			);
			path = Alert;
			sourceTree = "<group>";
		};
		7CE062192A2871CD0085E8F8 /* Authentication */ = {
			isa = PBXGroup;
			children = (
				7CBC47222A39E01B00B23992 /* SignUpScreen */,
				7CBC471C2A39DEEC00B23992 /* SignInScreen */,
				7CE0621A2A2871E70085E8F8 /* LoginScreen */,
			);
			path = Authentication;
			sourceTree = "<group>";
		};
		7CE0621A2A2871E70085E8F8 /* LoginScreen */ = {
			isa = PBXGroup;
			children = (
				7C5120C82A28B95A00484B5A /* View */,
				7C9AFBBD2A2DF32800A47F1C /* Interactor */,
				7C9AFBC02A2DF34500A47F1C /* Router */,
			);
			path = LoginScreen;
			sourceTree = "<group>";
		};
		7CFA17BD2A31CD2000296292 /* TextField */ = {
			isa = PBXGroup;
			children = (
				7CFA17BE2A31CD3900296292 /* UserTextField.swift */,
				7C47FF872A36FD6600632528 /* StandardTextField.swift */,
				7C47FF892A3746EF00632528 /* PasswordTextField.swift */,
			);
			path = TextField;
			sourceTree = "<group>";
		};
/* End PBXGroup section */

/* Begin PBXNativeTarget section */
		7C6EB3DC2A27800D00246C29 /* TarifiBul */ = {
			isa = PBXNativeTarget;
			buildConfigurationList = 7C6EB40A2A27800E00246C29 /* Build configuration list for PBXNativeTarget "TarifiBul" */;
			buildPhases = (
				7C6EB3D92A27800D00246C29 /* Sources */,
				7C6EB3DA2A27800D00246C29 /* Frameworks */,
				7C6EB3DB2A27800D00246C29 /* Resources */,
			);
			buildRules = (
			);
			dependencies = (
			);
			name = TarifiBul;
			packageProductDependencies = (
				7C5120C02A28B7F500484B5A /* Alamofire */,
				7C5120C32A28B80600484B5A /* SnapKit */,
				7C5120C62A28B81200484B5A /* Kingfisher */,
			);
			productName = TarifiBul;
			productReference = 7C6EB3DD2A27800D00246C29 /* TarifiBul.app */;
			productType = "com.apple.product-type.application";
		};
		7C6EB3F52A27800E00246C29 /* TarifiBulTests */ = {
			isa = PBXNativeTarget;
			buildConfigurationList = 7C6EB40D2A27800E00246C29 /* Build configuration list for PBXNativeTarget "TarifiBulTests" */;
			buildPhases = (
				7C6EB3F22A27800E00246C29 /* Sources */,
				7C6EB3F32A27800E00246C29 /* Frameworks */,
				7C6EB3F42A27800E00246C29 /* Resources */,
			);
			buildRules = (
			);
			dependencies = (
				7C6EB3F82A27800E00246C29 /* PBXTargetDependency */,
			);
			name = TarifiBulTests;
			productName = TarifiBulTests;
			productReference = 7C6EB3F62A27800E00246C29 /* TarifiBulTests.xctest */;
			productType = "com.apple.product-type.bundle.unit-test";
		};
		7C6EB3FF2A27800E00246C29 /* TarifiBulUITests */ = {
			isa = PBXNativeTarget;
			buildConfigurationList = 7C6EB4102A27800E00246C29 /* Build configuration list for PBXNativeTarget "TarifiBulUITests" */;
			buildPhases = (
				7C6EB3FC2A27800E00246C29 /* Sources */,
				7C6EB3FD2A27800E00246C29 /* Frameworks */,
				7C6EB3FE2A27800E00246C29 /* Resources */,
			);
			buildRules = (
			);
			dependencies = (
				7C6EB4022A27800E00246C29 /* PBXTargetDependency */,
			);
			name = TarifiBulUITests;
			productName = TarifiBulUITests;
			productReference = 7C6EB4002A27800E00246C29 /* TarifiBulUITests.xctest */;
			productType = "com.apple.product-type.bundle.ui-testing";
		};
/* End PBXNativeTarget section */

/* Begin PBXProject section */
		7C6EB3D52A27800D00246C29 /* Project object */ = {
			isa = PBXProject;
			attributes = {
				BuildIndependentTargetsInParallel = 1;
				LastSwiftUpdateCheck = 1400;
				LastUpgradeCheck = 1400;
				TargetAttributes = {
					7C6EB3DC2A27800D00246C29 = {
						CreatedOnToolsVersion = 14.0.1;
					};
					7C6EB3F52A27800E00246C29 = {
						CreatedOnToolsVersion = 14.0.1;
						TestTargetID = 7C6EB3DC2A27800D00246C29;
					};
					7C6EB3FF2A27800E00246C29 = {
						CreatedOnToolsVersion = 14.0.1;
						TestTargetID = 7C6EB3DC2A27800D00246C29;
					};
				};
			};
			buildConfigurationList = 7C6EB3D82A27800D00246C29 /* Build configuration list for PBXProject "TarifiBul" */;
			compatibilityVersion = "Xcode 14.0";
			developmentRegion = en;
			hasScannedForEncodings = 0;
			knownRegions = (
				en,
				Base,
				tr,
			);
			mainGroup = 7C6EB3D42A27800D00246C29;
			packageReferences = (
				7C5120BF2A28B7F500484B5A /* XCRemoteSwiftPackageReference "Alamofire" */,
				7C5120C22A28B80600484B5A /* XCRemoteSwiftPackageReference "SnapKit" */,
				7C5120C52A28B81200484B5A /* XCRemoteSwiftPackageReference "Kingfisher" */,
			);
			productRefGroup = 7C6EB3DE2A27800D00246C29 /* Products */;
			projectDirPath = "";
			projectRoot = "";
			targets = (
				7C6EB3DC2A27800D00246C29 /* TarifiBul */,
				7C6EB3F52A27800E00246C29 /* TarifiBulTests */,
				7C6EB3FF2A27800E00246C29 /* TarifiBulUITests */,
			);
		};
/* End PBXProject section */

/* Begin PBXResourcesBuildPhase section */
		7C6EB3DB2A27800D00246C29 /* Resources */ = {
			isa = PBXResourcesBuildPhase;
			buildActionMask = 2147483647;
			files = (
				7C6EB3F02A27800D00246C29 /* LaunchScreen.storyboard in Resources */,
				7C5120D22A28BF3800484B5A /* Localizable.strings in Resources */,
				7C5120CE2A28BF0500484B5A /* Localizable.strings in Resources */,
				7CE062232A2884BA0085E8F8 /* Assets.xcassets in Resources */,
			);
			runOnlyForDeploymentPostprocessing = 0;
		};
		7C6EB3F42A27800E00246C29 /* Resources */ = {
			isa = PBXResourcesBuildPhase;
			buildActionMask = 2147483647;
			files = (
			);
			runOnlyForDeploymentPostprocessing = 0;
		};
		7C6EB3FE2A27800E00246C29 /* Resources */ = {
			isa = PBXResourcesBuildPhase;
			buildActionMask = 2147483647;
			files = (
			);
			runOnlyForDeploymentPostprocessing = 0;
		};
/* End PBXResourcesBuildPhase section */

/* Begin PBXSourcesBuildPhase section */
		7C6EB3D92A27800D00246C29 /* Sources */ = {
			isa = PBXSourcesBuildPhase;
			buildActionMask = 2147483647;
			files = (
				7CBC472F2A39E47000B23992 /* SignUpRouter.swift in Sources */,
				7C6DB7C42A335EF900B6394E /* SignInPresenter.swift in Sources */,
				7C5120BE2A28B77B00484B5A /* ColorName.swift in Sources */,
				7C9AFBCA2A2DFD5C00A47F1C /* SignInModel.swift in Sources */,
				7CF87ED72A306F420080DC38 /* ImageName.swift in Sources */,
				7C9AFBC72A2DF58500A47F1C /* LoginInteractor.swift in Sources */,
				7CAAC20B2A3B49A9003D3977 /* BoldLabel.swift in Sources */,
				7C9AFBCE2A2E12F400A47F1C /* NetworkManager.swift in Sources */,
				7C47FF882A36FD6600632528 /* StandardTextField.swift in Sources */,
				7C6DB7C22A335EED00B6394E /* SignInInteractor.swift in Sources */,
				7CFA17BF2A31CD3900296292 /* UserTextField.swift in Sources */,
				7C10A8CC2A3C44A7007D4D32 /* SignUpModel.swift in Sources */,
				7CFA17C12A32115100296292 /* LoadingButton.swift in Sources */,
				7C9AFBCC2A2DFE4900A47F1C /* SignInResponseModel.swift in Sources */,
				7C47FF8A2A3746EF00632528 /* PasswordTextField.swift in Sources */,
				7C6DB7C62A335F0F00B6394E /* SignInRouter.swift in Sources */,
				7C10A8CE2A3C46C1007D4D32 /* SignUpResponseModel.swift in Sources */,
				7CAAC2092A3B4457003D3977 /* UIConstants.swift in Sources */,
				7CF87EDC2A309E910080DC38 /* UIViewExtension.swift in Sources */,
				7CFA17BA2A31BA2800296292 /* SignInViewController.swift in Sources */,
				7C6EB3EB2A27800D00246C29 /* TarifiBul.xcdatamodeld in Sources */,
				7CC18D102A331BE90074389D /* SuccessAlert.swift in Sources */,
				7C6EB3E52A27800D00246C29 /* LoginViewController.swift in Sources */,
				7CC18D0E2A331BE00074389D /* ErrorAlert.swift in Sources */,
				7C9AFBC42A2DF4FC00A47F1C /* LoginPresenter.swift in Sources */,
				7C6EB3E12A27800D00246C29 /* AppDelegate.swift in Sources */,
				7C9AFBC22A2DF38500A47F1C /* LoginRouter.swift in Sources */,
				7C6EB3E32A27800D00246C29 /* SceneDelegate.swift in Sources */,
				7CBC472D2A39E36100B23992 /* SignUpViewController.swift in Sources */,
				7C5120CB2A28BC8600484B5A /* LocaleKeys.swift in Sources */,
				7C5120D52A28CCB400484B5A /* LanguageButton.swift in Sources */,
				7CBC47292A39E1EA00B23992 /* SignUpInteractor.swift in Sources */,
				7CBC472B2A39E2B000B23992 /* SignUpPresenter.swift in Sources */,
				7CF87ED92A3075620080DC38 /* CircularButton.swift in Sources */,
			);
			runOnlyForDeploymentPostprocessing = 0;
		};
		7C6EB3F22A27800E00246C29 /* Sources */ = {
			isa = PBXSourcesBuildPhase;
			buildActionMask = 2147483647;
			files = (
				7C6EB3FB2A27800E00246C29 /* TarifiBulTests.swift in Sources */,
			);
			runOnlyForDeploymentPostprocessing = 0;
		};
		7C6EB3FC2A27800E00246C29 /* Sources */ = {
			isa = PBXSourcesBuildPhase;
			buildActionMask = 2147483647;
			files = (
				7C6EB4052A27800E00246C29 /* TarifiBulUITests.swift in Sources */,
				7C6EB4072A27800E00246C29 /* TarifiBulUITestsLaunchTests.swift in Sources */,
			);
			runOnlyForDeploymentPostprocessing = 0;
		};
/* End PBXSourcesBuildPhase section */

/* Begin PBXTargetDependency section */
		7C6EB3F82A27800E00246C29 /* PBXTargetDependency */ = {
			isa = PBXTargetDependency;
			target = 7C6EB3DC2A27800D00246C29 /* TarifiBul */;
			targetProxy = 7C6EB3F72A27800E00246C29 /* PBXContainerItemProxy */;
		};
		7C6EB4022A27800E00246C29 /* PBXTargetDependency */ = {
			isa = PBXTargetDependency;
			target = 7C6EB3DC2A27800D00246C29 /* TarifiBul */;
			targetProxy = 7C6EB4012A27800E00246C29 /* PBXContainerItemProxy */;
		};
/* End PBXTargetDependency section */

/* Begin PBXVariantGroup section */
		7C5120D02A28BF3800484B5A /* Localizable.strings */ = {
			isa = PBXVariantGroup;
			children = (
				7C5120D12A28BF3800484B5A /* tr */,
			);
			name = Localizable.strings;
			sourceTree = "<group>";
		};
		7C6EB3EE2A27800D00246C29 /* LaunchScreen.storyboard */ = {
			isa = PBXVariantGroup;
			children = (
				7C6EB3EF2A27800D00246C29 /* Base */,
			);
			name = LaunchScreen.storyboard;
			sourceTree = "<group>";
		};
/* End PBXVariantGroup section */

/* Begin XCBuildConfiguration section */
		7C6EB4082A27800E00246C29 /* Debug */ = {
			isa = XCBuildConfiguration;
			buildSettings = {
				ALWAYS_SEARCH_USER_PATHS = NO;
				CLANG_ANALYZER_NONNULL = YES;
				CLANG_ANALYZER_NUMBER_OBJECT_CONVERSION = YES_AGGRESSIVE;
				CLANG_CXX_LANGUAGE_STANDARD = "gnu++20";
				CLANG_ENABLE_MODULES = YES;
				CLANG_ENABLE_OBJC_ARC = YES;
				CLANG_ENABLE_OBJC_WEAK = YES;
				CLANG_WARN_BLOCK_CAPTURE_AUTORELEASING = YES;
				CLANG_WARN_BOOL_CONVERSION = YES;
				CLANG_WARN_COMMA = YES;
				CLANG_WARN_CONSTANT_CONVERSION = YES;
				CLANG_WARN_DEPRECATED_OBJC_IMPLEMENTATIONS = YES;
				CLANG_WARN_DIRECT_OBJC_ISA_USAGE = YES_ERROR;
				CLANG_WARN_DOCUMENTATION_COMMENTS = YES;
				CLANG_WARN_EMPTY_BODY = YES;
				CLANG_WARN_ENUM_CONVERSION = YES;
				CLANG_WARN_INFINITE_RECURSION = YES;
				CLANG_WARN_INT_CONVERSION = YES;
				CLANG_WARN_NON_LITERAL_NULL_CONVERSION = YES;
				CLANG_WARN_OBJC_IMPLICIT_RETAIN_SELF = YES;
				CLANG_WARN_OBJC_LITERAL_CONVERSION = YES;
				CLANG_WARN_OBJC_ROOT_CLASS = YES_ERROR;
				CLANG_WARN_QUOTED_INCLUDE_IN_FRAMEWORK_HEADER = YES;
				CLANG_WARN_RANGE_LOOP_ANALYSIS = YES;
				CLANG_WARN_STRICT_PROTOTYPES = YES;
				CLANG_WARN_SUSPICIOUS_MOVE = YES;
				CLANG_WARN_UNGUARDED_AVAILABILITY = YES_AGGRESSIVE;
				CLANG_WARN_UNREACHABLE_CODE = YES;
				CLANG_WARN__DUPLICATE_METHOD_MATCH = YES;
				COPY_PHASE_STRIP = NO;
				DEBUG_INFORMATION_FORMAT = dwarf;
				ENABLE_STRICT_OBJC_MSGSEND = YES;
				ENABLE_TESTABILITY = YES;
				GCC_C_LANGUAGE_STANDARD = gnu11;
				GCC_DYNAMIC_NO_PIC = NO;
				GCC_NO_COMMON_BLOCKS = YES;
				GCC_OPTIMIZATION_LEVEL = 0;
				GCC_PREPROCESSOR_DEFINITIONS = (
					"DEBUG=1",
					"$(inherited)",
				);
				GCC_WARN_64_TO_32_BIT_CONVERSION = YES;
				GCC_WARN_ABOUT_RETURN_TYPE = YES_ERROR;
				GCC_WARN_UNDECLARED_SELECTOR = YES;
				GCC_WARN_UNINITIALIZED_AUTOS = YES_AGGRESSIVE;
				GCC_WARN_UNUSED_FUNCTION = YES;
				GCC_WARN_UNUSED_VARIABLE = YES;
				IPHONEOS_DEPLOYMENT_TARGET = 16.0;
				MTL_ENABLE_DEBUG_INFO = INCLUDE_SOURCE;
				MTL_FAST_MATH = YES;
				ONLY_ACTIVE_ARCH = YES;
				SDKROOT = iphoneos;
				SWIFT_ACTIVE_COMPILATION_CONDITIONS = DEBUG;
				SWIFT_OPTIMIZATION_LEVEL = "-Onone";
			};
			name = Debug;
		};
		7C6EB4092A27800E00246C29 /* Release */ = {
			isa = XCBuildConfiguration;
			buildSettings = {
				ALWAYS_SEARCH_USER_PATHS = NO;
				CLANG_ANALYZER_NONNULL = YES;
				CLANG_ANALYZER_NUMBER_OBJECT_CONVERSION = YES_AGGRESSIVE;
				CLANG_CXX_LANGUAGE_STANDARD = "gnu++20";
				CLANG_ENABLE_MODULES = YES;
				CLANG_ENABLE_OBJC_ARC = YES;
				CLANG_ENABLE_OBJC_WEAK = YES;
				CLANG_WARN_BLOCK_CAPTURE_AUTORELEASING = YES;
				CLANG_WARN_BOOL_CONVERSION = YES;
				CLANG_WARN_COMMA = YES;
				CLANG_WARN_CONSTANT_CONVERSION = YES;
				CLANG_WARN_DEPRECATED_OBJC_IMPLEMENTATIONS = YES;
				CLANG_WARN_DIRECT_OBJC_ISA_USAGE = YES_ERROR;
				CLANG_WARN_DOCUMENTATION_COMMENTS = YES;
				CLANG_WARN_EMPTY_BODY = YES;
				CLANG_WARN_ENUM_CONVERSION = YES;
				CLANG_WARN_INFINITE_RECURSION = YES;
				CLANG_WARN_INT_CONVERSION = YES;
				CLANG_WARN_NON_LITERAL_NULL_CONVERSION = YES;
				CLANG_WARN_OBJC_IMPLICIT_RETAIN_SELF = YES;
				CLANG_WARN_OBJC_LITERAL_CONVERSION = YES;
				CLANG_WARN_OBJC_ROOT_CLASS = YES_ERROR;
				CLANG_WARN_QUOTED_INCLUDE_IN_FRAMEWORK_HEADER = YES;
				CLANG_WARN_RANGE_LOOP_ANALYSIS = YES;
				CLANG_WARN_STRICT_PROTOTYPES = YES;
				CLANG_WARN_SUSPICIOUS_MOVE = YES;
				CLANG_WARN_UNGUARDED_AVAILABILITY = YES_AGGRESSIVE;
				CLANG_WARN_UNREACHABLE_CODE = YES;
				CLANG_WARN__DUPLICATE_METHOD_MATCH = YES;
				COPY_PHASE_STRIP = NO;
				DEBUG_INFORMATION_FORMAT = "dwarf-with-dsym";
				ENABLE_NS_ASSERTIONS = NO;
				ENABLE_STRICT_OBJC_MSGSEND = YES;
				GCC_C_LANGUAGE_STANDARD = gnu11;
				GCC_NO_COMMON_BLOCKS = YES;
				GCC_WARN_64_TO_32_BIT_CONVERSION = YES;
				GCC_WARN_ABOUT_RETURN_TYPE = YES_ERROR;
				GCC_WARN_UNDECLARED_SELECTOR = YES;
				GCC_WARN_UNINITIALIZED_AUTOS = YES_AGGRESSIVE;
				GCC_WARN_UNUSED_FUNCTION = YES;
				GCC_WARN_UNUSED_VARIABLE = YES;
				IPHONEOS_DEPLOYMENT_TARGET = 16.0;
				MTL_ENABLE_DEBUG_INFO = NO;
				MTL_FAST_MATH = YES;
				SDKROOT = iphoneos;
				SWIFT_COMPILATION_MODE = wholemodule;
				SWIFT_OPTIMIZATION_LEVEL = "-O";
				VALIDATE_PRODUCT = YES;
			};
			name = Release;
		};
		7C6EB40B2A27800E00246C29 /* Debug */ = {
			isa = XCBuildConfiguration;
			buildSettings = {
				ASSETCATALOG_COMPILER_APPICON_NAME = AppIcon;
				ASSETCATALOG_COMPILER_GLOBAL_ACCENT_COLOR_NAME = AccentColor;
				CODE_SIGN_STYLE = Automatic;
				CURRENT_PROJECT_VERSION = 1;
				DEVELOPMENT_TEAM = RR848T8KH2;
				GENERATE_INFOPLIST_FILE = YES;
				INFOPLIST_FILE = TarifiBul/App/info.plist;
				INFOPLIST_KEY_UIApplicationSupportsIndirectInputEvents = YES;
				INFOPLIST_KEY_UILaunchStoryboardName = LaunchScreen;
				INFOPLIST_KEY_UISupportedInterfaceOrientations_iPad = "UIInterfaceOrientationPortrait UIInterfaceOrientationPortraitUpsideDown UIInterfaceOrientationLandscapeLeft UIInterfaceOrientationLandscapeRight";
				INFOPLIST_KEY_UISupportedInterfaceOrientations_iPhone = "UIInterfaceOrientationPortrait UIInterfaceOrientationLandscapeLeft UIInterfaceOrientationLandscapeRight";
				LD_RUNPATH_SEARCH_PATHS = (
					"$(inherited)",
					"@executable_path/Frameworks",
				);
				MARKETING_VERSION = 1.0;
				PRODUCT_BUNDLE_IDENTIFIER = com.TarifiBul;
				PRODUCT_NAME = "$(TARGET_NAME)";
				SWIFT_EMIT_LOC_STRINGS = YES;
				SWIFT_VERSION = 5.0;
				TARGETED_DEVICE_FAMILY = "1,2";
			};
			name = Debug;
		};
		7C6EB40C2A27800E00246C29 /* Release */ = {
			isa = XCBuildConfiguration;
			buildSettings = {
				ASSETCATALOG_COMPILER_APPICON_NAME = AppIcon;
				ASSETCATALOG_COMPILER_GLOBAL_ACCENT_COLOR_NAME = AccentColor;
				CODE_SIGN_STYLE = Automatic;
				CURRENT_PROJECT_VERSION = 1;
				DEVELOPMENT_TEAM = RR848T8KH2;
				GENERATE_INFOPLIST_FILE = YES;
				INFOPLIST_FILE = TarifiBul/App/info.plist;
				INFOPLIST_KEY_UIApplicationSupportsIndirectInputEvents = YES;
				INFOPLIST_KEY_UILaunchStoryboardName = LaunchScreen;
				INFOPLIST_KEY_UISupportedInterfaceOrientations_iPad = "UIInterfaceOrientationPortrait UIInterfaceOrientationPortraitUpsideDown UIInterfaceOrientationLandscapeLeft UIInterfaceOrientationLandscapeRight";
				INFOPLIST_KEY_UISupportedInterfaceOrientations_iPhone = "UIInterfaceOrientationPortrait UIInterfaceOrientationLandscapeLeft UIInterfaceOrientationLandscapeRight";
				LD_RUNPATH_SEARCH_PATHS = (
					"$(inherited)",
					"@executable_path/Frameworks",
				);
				MARKETING_VERSION = 1.0;
				PRODUCT_BUNDLE_IDENTIFIER = com.TarifiBul;
				PRODUCT_NAME = "$(TARGET_NAME)";
				SWIFT_EMIT_LOC_STRINGS = YES;
				SWIFT_VERSION = 5.0;
				TARGETED_DEVICE_FAMILY = "1,2";
			};
			name = Release;
		};
		7C6EB40E2A27800E00246C29 /* Debug */ = {
			isa = XCBuildConfiguration;
			buildSettings = {
				ALWAYS_EMBED_SWIFT_STANDARD_LIBRARIES = YES;
				BUNDLE_LOADER = "$(TEST_HOST)";
				CODE_SIGN_STYLE = Automatic;
				CURRENT_PROJECT_VERSION = 1;
				DEVELOPMENT_TEAM = RR848T8KH2;
				GENERATE_INFOPLIST_FILE = YES;
				IPHONEOS_DEPLOYMENT_TARGET = 16.0;
				MARKETING_VERSION = 1.0;
				PRODUCT_BUNDLE_IDENTIFIER = com.TarifiBulTests;
				PRODUCT_NAME = "$(TARGET_NAME)";
				SWIFT_EMIT_LOC_STRINGS = NO;
				SWIFT_VERSION = 5.0;
				TARGETED_DEVICE_FAMILY = "1,2";
				TEST_HOST = "$(BUILT_PRODUCTS_DIR)/TarifiBul.app/$(BUNDLE_EXECUTABLE_FOLDER_PATH)/TarifiBul";
			};
			name = Debug;
		};
		7C6EB40F2A27800E00246C29 /* Release */ = {
			isa = XCBuildConfiguration;
			buildSettings = {
				ALWAYS_EMBED_SWIFT_STANDARD_LIBRARIES = YES;
				BUNDLE_LOADER = "$(TEST_HOST)";
				CODE_SIGN_STYLE = Automatic;
				CURRENT_PROJECT_VERSION = 1;
				DEVELOPMENT_TEAM = RR848T8KH2;
				GENERATE_INFOPLIST_FILE = YES;
				IPHONEOS_DEPLOYMENT_TARGET = 16.0;
				MARKETING_VERSION = 1.0;
				PRODUCT_BUNDLE_IDENTIFIER = com.TarifiBulTests;
				PRODUCT_NAME = "$(TARGET_NAME)";
				SWIFT_EMIT_LOC_STRINGS = NO;
				SWIFT_VERSION = 5.0;
				TARGETED_DEVICE_FAMILY = "1,2";
				TEST_HOST = "$(BUILT_PRODUCTS_DIR)/TarifiBul.app/$(BUNDLE_EXECUTABLE_FOLDER_PATH)/TarifiBul";
			};
			name = Release;
		};
		7C6EB4112A27800E00246C29 /* Debug */ = {
			isa = XCBuildConfiguration;
			buildSettings = {
				ALWAYS_EMBED_SWIFT_STANDARD_LIBRARIES = YES;
				CODE_SIGN_STYLE = Automatic;
				CURRENT_PROJECT_VERSION = 1;
				DEVELOPMENT_TEAM = RR848T8KH2;
				GENERATE_INFOPLIST_FILE = YES;
				MARKETING_VERSION = 1.0;
				PRODUCT_BUNDLE_IDENTIFIER = com.TarifiBulUITests;
				PRODUCT_NAME = "$(TARGET_NAME)";
				SWIFT_EMIT_LOC_STRINGS = NO;
				SWIFT_VERSION = 5.0;
				TARGETED_DEVICE_FAMILY = "1,2";
				TEST_TARGET_NAME = TarifiBul;
			};
			name = Debug;
		};
		7C6EB4122A27800E00246C29 /* Release */ = {
			isa = XCBuildConfiguration;
			buildSettings = {
				ALWAYS_EMBED_SWIFT_STANDARD_LIBRARIES = YES;
				CODE_SIGN_STYLE = Automatic;
				CURRENT_PROJECT_VERSION = 1;
				DEVELOPMENT_TEAM = RR848T8KH2;
				GENERATE_INFOPLIST_FILE = YES;
				MARKETING_VERSION = 1.0;
				PRODUCT_BUNDLE_IDENTIFIER = com.TarifiBulUITests;
				PRODUCT_NAME = "$(TARGET_NAME)";
				SWIFT_EMIT_LOC_STRINGS = NO;
				SWIFT_VERSION = 5.0;
				TARGETED_DEVICE_FAMILY = "1,2";
				TEST_TARGET_NAME = TarifiBul;
			};
			name = Release;
		};
/* End XCBuildConfiguration section */

/* Begin XCConfigurationList section */
		7C6EB3D82A27800D00246C29 /* Build configuration list for PBXProject "TarifiBul" */ = {
			isa = XCConfigurationList;
			buildConfigurations = (
				7C6EB4082A27800E00246C29 /* Debug */,
				7C6EB4092A27800E00246C29 /* Release */,
			);
			defaultConfigurationIsVisible = 0;
			defaultConfigurationName = Release;
		};
		7C6EB40A2A27800E00246C29 /* Build configuration list for PBXNativeTarget "TarifiBul" */ = {
			isa = XCConfigurationList;
			buildConfigurations = (
				7C6EB40B2A27800E00246C29 /* Debug */,
				7C6EB40C2A27800E00246C29 /* Release */,
			);
			defaultConfigurationIsVisible = 0;
			defaultConfigurationName = Release;
		};
		7C6EB40D2A27800E00246C29 /* Build configuration list for PBXNativeTarget "TarifiBulTests" */ = {
			isa = XCConfigurationList;
			buildConfigurations = (
				7C6EB40E2A27800E00246C29 /* Debug */,
				7C6EB40F2A27800E00246C29 /* Release */,
			);
			defaultConfigurationIsVisible = 0;
			defaultConfigurationName = Release;
		};
		7C6EB4102A27800E00246C29 /* Build configuration list for PBXNativeTarget "TarifiBulUITests" */ = {
			isa = XCConfigurationList;
			buildConfigurations = (
				7C6EB4112A27800E00246C29 /* Debug */,
				7C6EB4122A27800E00246C29 /* Release */,
			);
			defaultConfigurationIsVisible = 0;
			defaultConfigurationName = Release;
		};
/* End XCConfigurationList section */

/* Begin XCRemoteSwiftPackageReference section */
		7C5120BF2A28B7F500484B5A /* XCRemoteSwiftPackageReference "Alamofire" */ = {
			isa = XCRemoteSwiftPackageReference;
			repositoryURL = "https://github.com/Alamofire/Alamofire.git";
			requirement = {
				kind = upToNextMajorVersion;
				minimumVersion = 5.0.0;
			};
		};
		7C5120C22A28B80600484B5A /* XCRemoteSwiftPackageReference "SnapKit" */ = {
			isa = XCRemoteSwiftPackageReference;
			repositoryURL = "https://github.com/SnapKit/SnapKit.git";
			requirement = {
				kind = upToNextMajorVersion;
				minimumVersion = 5.0.0;
			};
		};
		7C5120C52A28B81200484B5A /* XCRemoteSwiftPackageReference "Kingfisher" */ = {
			isa = XCRemoteSwiftPackageReference;
			repositoryURL = "https://github.com/onevcat/Kingfisher.git";
			requirement = {
				kind = upToNextMajorVersion;
				minimumVersion = 7.0.0;
			};
		};
/* End XCRemoteSwiftPackageReference section */

/* Begin XCSwiftPackageProductDependency section */
		7C5120C02A28B7F500484B5A /* Alamofire */ = {
			isa = XCSwiftPackageProductDependency;
			package = 7C5120BF2A28B7F500484B5A /* XCRemoteSwiftPackageReference "Alamofire" */;
			productName = Alamofire;
		};
		7C5120C32A28B80600484B5A /* SnapKit */ = {
			isa = XCSwiftPackageProductDependency;
			package = 7C5120C22A28B80600484B5A /* XCRemoteSwiftPackageReference "SnapKit" */;
			productName = SnapKit;
		};
		7C5120C62A28B81200484B5A /* Kingfisher */ = {
			isa = XCSwiftPackageProductDependency;
			package = 7C5120C52A28B81200484B5A /* XCRemoteSwiftPackageReference "Kingfisher" */;
			productName = Kingfisher;
		};
/* End XCSwiftPackageProductDependency section */

/* Begin XCVersionGroup section */
		7C6EB3E92A27800D00246C29 /* TarifiBul.xcdatamodeld */ = {
			isa = XCVersionGroup;
			children = (
				7C6EB3EA2A27800D00246C29 /* TarifiBul.xcdatamodel */,
			);
			currentVersion = 7C6EB3EA2A27800D00246C29 /* TarifiBul.xcdatamodel */;
			path = TarifiBul.xcdatamodeld;
			sourceTree = "<group>";
			versionGroupType = wrapper.xcdatamodel;
		};
/* End XCVersionGroup section */
	};
	rootObject = 7C6EB3D52A27800D00246C29 /* Project object */;
}
